
Microsoft Visual Studio Solution File, Format Version 12.00
# Visual Studio 14
VisualStudioVersion = 14.0.25420.1
MinimumVisualStudioVersion = 10.0.40219.1
Project("{8BC9CEB8-8B4A-11D0-8D11-00A0C91BC942}") = "MultiSpeakerServer", "MultiSpeakerServer\MultiSpeakerServer.vcxproj", "{12EF2159-E10D-4430-829E-5A1A87E156C2}"
EndProject
Project("{8BC9CEB8-8B4A-11D0-8D11-00A0C91BC942}") = "MultiSpeaker", "MultiSpeaker\MultiSpeaker.vcxproj", "{B12702AD-ABFB-343A-A199-8E24837244A3}"
EndProject
Project("{8BC9CEB8-8B4A-11D0-8D11-00A0C91BC942}") = "SimpleHttpExample", "SimpleHttpExample\SimpleHttpExample.vcxproj", "{0B67EC7E-D826-420C-912F-98F49E2657DF}"
EndProject
Global
	GlobalSection(SolutionConfigurationPlatforms) = preSolution
		Debug|x64 = Debug|x64
		Debug|x86 = Debug|x86
		Release|x64 = Release|x64
		Release|x86 = Release|x86
	EndGlobalSection
	GlobalSection(ProjectConfigurationPlatforms) = postSolution
		{12EF2159-E10D-4430-829E-5A1A87E156C2}.Debug|x64.ActiveCfg = Debug|x64
		{12EF2159-E10D-4430-829E-5A1A87E156C2}.Debug|x64.Build.0 = Debug|x64
		{12EF2159-E10D-4430-829E-5A1A87E156C2}.Debug|x86.ActiveCfg = Debug|Win32
		{12EF2159-E10D-4430-829E-5A1A87E156C2}.Debug|x86.Build.0 = Debug|Win32
		{12EF2159-E10D-4430-829E-5A1A87E156C2}.Release|x64.ActiveCfg = Release|x64
		{12EF2159-E10D-4430-829E-5A1A87E156C2}.Release|x64.Build.0 = Release|x64
		{12EF2159-E10D-4430-829E-5A1A87E156C2}.Release|x86.ActiveCfg = Release|Win32
		{12EF2159-E10D-4430-829E-5A1A87E156C2}.Release|x86.Build.0 = Release|Win32
		{B12702AD-ABFB-343A-A199-8E24837244A3}.Debug|x64.ActiveCfg = Debug|x64
		{B12702AD-ABFB-343A-A199-8E24837244A3}.Debug|x64.Build.0 = Debug|x64
		{B12702AD-ABFB-343A-A199-8E24837244A3}.Debug|x86.ActiveCfg = Debug|Win32
		{B12702AD-ABFB-343A-A199-8E24837244A3}.Debug|x86.Build.0 = Debug|Win32
		{B12702AD-ABFB-343A-A199-8E24837244A3}.Release|x64.ActiveCfg = Release|x64
		{B12702AD-ABFB-343A-A199-8E24837244A3}.Release|x64.Build.0 = Release|x64
		{B12702AD-ABFB-343A-A199-8E24837244A3}.Release|x86.ActiveCfg = Release|Win32
		{B12702AD-ABFB-343A-A199-8E24837244A3}.Release|x86.Build.0 = Release|Win32
		{0B67EC7E-D826-420C-912F-98F49E2657DF}.Debug|x64.ActiveCfg = Debug|x64
		{0B67EC7E-D826-420C-912F-98F49E2657DF}.Debug|x64.Build.0 = Debug|x64
		{0B67EC7E-D826-420C-912F-98F49E2657DF}.Debug|x86.ActiveCfg = Debug|x64
		{0B67EC7E-D826-420C-912F-98F49E2657DF}.Release|x64.ActiveCfg = Release|x64
		{0B67EC7E-D826-420C-912F-98F49E2657DF}.Release|x64.Build.0 = Release|x64
		{0B67EC7E-D826-420C-912F-98F49E2657DF}.Release|x86.ActiveCfg = Release|x64
	EndGlobalSection
	GlobalSection(SolutionProperties) = preSolution
		HideSolutionNode = FALSE
	EndGlobalSection
	GlobalSection(ExtensibilityGlobals) = postSolution
		Qt5Version = Qt11.2
	EndGlobalSection
EndGlobal
